// !$*UTF8*$!
{
	archiveVersion = 1;
	classes = {
	};
	objectVersion = 46;
	objects = {

/* Begin PBXBuildFile section */
		D53123641BF11A490045D8D4 /* WorkorderViewController.swift in Sources */ = {isa = PBXBuildFile; fileRef = D53123631BF11A490045D8D4 /* WorkorderViewController.swift */; };
		D53123661BF11B160045D8D4 /* nonWorkorderScreenController.swift in Sources */ = {isa = PBXBuildFile; fileRef = D53123651BF11B160045D8D4 /* nonWorkorderScreenController.swift */; };
		D54B3DD31BCFA4E1009B9D9C /* AppDelegate.swift in Sources */ = {isa = PBXBuildFile; fileRef = D54B3DD21BCFA4E1009B9D9C /* AppDelegate.swift */; };
		D54B3DD51BCFA4E1009B9D9C /* LoginSchermViewController.swift in Sources */ = {isa = PBXBuildFile; fileRef = D54B3DD41BCFA4E1009B9D9C /* LoginSchermViewController.swift */; };
		D54B3DDA1BCFA4E1009B9D9C /* Assets.xcassets in Resources */ = {isa = PBXBuildFile; fileRef = D54B3DD91BCFA4E1009B9D9C /* Assets.xcassets */; };
		D54B3DDD1BCFA4E1009B9D9C /* LaunchScreen.storyboard in Resources */ = {isa = PBXBuildFile; fileRef = D54B3DDB1BCFA4E1009B9D9C /* LaunchScreen.storyboard */; };
		D54B3DE81BCFA4E1009B9D9C /* carMaintanenceTests.swift in Sources */ = {isa = PBXBuildFile; fileRef = D54B3DE71BCFA4E1009B9D9C /* carMaintanenceTests.swift */; };
		D54B3DF31BCFA4E2009B9D9C /* carMaintanenceUITests.swift in Sources */ = {isa = PBXBuildFile; fileRef = D54B3DF21BCFA4E2009B9D9C /* carMaintanenceUITests.swift */; };
		D555BF4A1C5155D70085179F /* activitiesJSONDetails.swift in Sources */ = {isa = PBXBuildFile; fileRef = D555BF491C5155D70085179F /* activitiesJSONDetails.swift */; };
		D555BF4C1C524E510085179F /* Artikel.swift in Sources */ = {isa = PBXBuildFile; fileRef = D555BF4B1C524E510085179F /* Artikel.swift */; };
		D573361B1BE22CF500F51CBD /* LoginScreenModel.swift in Sources */ = {isa = PBXBuildFile; fileRef = D573361A1BE22CF500F51CBD /* LoginScreenModel.swift */; };
		D57336201BE22FD700F51CBD /* Main.storyboard in Resources */ = {isa = PBXBuildFile; fileRef = D573361E1BE22FD700F51CBD /* Main.storyboard */; };
		D574E7151C47B9ED00C64BDC /* WerkorderDetail.swift in Sources */ = {isa = PBXBuildFile; fileRef = D574E7141C47B9ED00C64BDC /* WerkorderDetail.swift */; };
		D574E7181C4EA19A00C64BDC /* actController.swift in Sources */ = {isa = PBXBuildFile; fileRef = D574E7161C4EA19A00C64BDC /* actController.swift */; };
		D574E7191C4EA19A00C64BDC /* camera.swift in Sources */ = {isa = PBXBuildFile; fileRef = D574E7171C4EA19A00C64BDC /* camera.swift */; };
		D593346B1C4D7D7500E4977E /* WerkOrderActiviteit.swift in Sources */ = {isa = PBXBuildFile; fileRef = D593346A1C4D7D7500E4977E /* WerkOrderActiviteit.swift */; };
		D593346D1C4D7DE500E4977E /* Activiteit.swift in Sources */ = {isa = PBXBuildFile; fileRef = D593346C1C4D7DE500E4977E /* Activiteit.swift */; };
		D59696BD1BE2828600E80805 /* SelecteerPersoonViewController.swift in Sources */ = {isa = PBXBuildFile; fileRef = D59696BC1BE2828600E80805 /* SelecteerPersoonViewController.swift */; };
		D5ACB89D1BF129DC0087C3E2 /* WerkOrderViewController.swift in Sources */ = {isa = PBXBuildFile; fileRef = D5ACB89C1BF129DC0087C3E2 /* WerkOrderViewController.swift */; };
		D5ACB89F1BF12A360087C3E2 /* WerkorderKnop.swift in Sources */ = {isa = PBXBuildFile; fileRef = D5ACB89E1BF12A360087C3E2 /* WerkorderKnop.swift */; };
		D5ACB8A11BF12D810087C3E2 /* newActivityController.swift in Sources */ = {isa = PBXBuildFile; fileRef = D5ACB8A01BF12D810087C3E2 /* newActivityController.swift */; };
		D5ACB8A51BF143160087C3E2 /* ActiviteitDummyViewController.swift in Sources */ = {isa = PBXBuildFile; fileRef = D5ACB8A41BF143160087C3E2 /* ActiviteitDummyViewController.swift */; };
		D5D8BB011C3EA23A00951C11 /* Info.plist in Resources */ = {isa = PBXBuildFile; fileRef = D5D8BB001C3EA23A00951C11 /* Info.plist */; };
		D5D8BBBD1C3FC8E800951C11 /* WerkOrderController.swift in Sources */ = {isa = PBXBuildFile; fileRef = D5D8BBBC1C3FC8E800951C11 /* WerkOrderController.swift */; };
		D5F1BDA41C3EA13D00BF4472 /* Connectie.swift in Sources */ = {isa = PBXBuildFile; fileRef = D5F1BDA31C3EA13D00BF4472 /* Connectie.swift */; };
		D5F1BDA61C3EA16600BF4472 /* MainJson.swift in Sources */ = {isa = PBXBuildFile; fileRef = D5F1BDA51C3EA16600BF4472 /* MainJson.swift */; };
		D5F1BDA81C3EA1A100BF4472 /* Monteur.swift in Sources */ = {isa = PBXBuildFile; fileRef = D5F1BDA71C3EA1A100BF4472 /* Monteur.swift */; };
		D5F1BDAA1C3EA1BD00BF4472 /* SwiftyJSON.swift in Sources */ = {isa = PBXBuildFile; fileRef = D5F1BDA91C3EA1BD00BF4472 /* SwiftyJSON.swift */; };
/* End PBXBuildFile section */

/* Begin PBXContainerItemProxy section */
		D54B3DE41BCFA4E1009B9D9C /* PBXContainerItemProxy */ = {
			isa = PBXContainerItemProxy;
			containerPortal = D54B3DC71BCFA4E1009B9D9C /* Project object */;
			proxyType = 1;
			remoteGlobalIDString = D54B3DCE1BCFA4E1009B9D9C;
			remoteInfo = carMaintanence;
		};
		D54B3DEF1BCFA4E2009B9D9C /* PBXContainerItemProxy */ = {
			isa = PBXContainerItemProxy;
			containerPortal = D54B3DC71BCFA4E1009B9D9C /* Project object */;
			proxyType = 1;
			remoteGlobalIDString = D54B3DCE1BCFA4E1009B9D9C;
			remoteInfo = carMaintanence;
		};
/* End PBXContainerItemProxy section */

/* Begin PBXFileReference section */
		D53123631BF11A490045D8D4 /* WorkorderViewController.swift */ = {isa = PBXFileReference; fileEncoding = 4; lastKnownFileType = sourcecode.swift; path = WorkorderViewController.swift; sourceTree = "<group>"; };
		D53123651BF11B160045D8D4 /* nonWorkorderScreenController.swift */ = {isa = PBXFileReference; fileEncoding = 4; lastKnownFileType = sourcecode.swift; path = nonWorkorderScreenController.swift; sourceTree = "<group>"; };
		D54B3DCF1BCFA4E1009B9D9C /* carMaintanence.app */ = {isa = PBXFileReference; explicitFileType = wrapper.application; includeInIndex = 0; path = carMaintanence.app; sourceTree = BUILT_PRODUCTS_DIR; };
		D54B3DD21BCFA4E1009B9D9C /* AppDelegate.swift */ = {isa = PBXFileReference; lastKnownFileType = sourcecode.swift; path = AppDelegate.swift; sourceTree = "<group>"; };
		D54B3DD41BCFA4E1009B9D9C /* LoginSchermViewController.swift */ = {isa = PBXFileReference; lastKnownFileType = sourcecode.swift; path = LoginSchermViewController.swift; sourceTree = "<group>"; };
		D54B3DD91BCFA4E1009B9D9C /* Assets.xcassets */ = {isa = PBXFileReference; lastKnownFileType = folder.assetcatalog; path = Assets.xcassets; sourceTree = "<group>"; };
		D54B3DDC1BCFA4E1009B9D9C /* Base */ = {isa = PBXFileReference; lastKnownFileType = file.storyboard; name = Base; path = Base.lproj/LaunchScreen.storyboard; sourceTree = "<group>"; };
		D54B3DE31BCFA4E1009B9D9C /* carMaintanenceTests.xctest */ = {isa = PBXFileReference; explicitFileType = wrapper.cfbundle; includeInIndex = 0; path = carMaintanenceTests.xctest; sourceTree = BUILT_PRODUCTS_DIR; };
		D54B3DE71BCFA4E1009B9D9C /* carMaintanenceTests.swift */ = {isa = PBXFileReference; lastKnownFileType = sourcecode.swift; path = carMaintanenceTests.swift; sourceTree = "<group>"; };
		D54B3DE91BCFA4E1009B9D9C /* Info.plist */ = {isa = PBXFileReference; lastKnownFileType = text.plist.xml; path = Info.plist; sourceTree = "<group>"; };
		D54B3DEE1BCFA4E2009B9D9C /* carMaintanenceUITests.xctest */ = {isa = PBXFileReference; explicitFileType = wrapper.cfbundle; includeInIndex = 0; path = carMaintanenceUITests.xctest; sourceTree = BUILT_PRODUCTS_DIR; };
		D54B3DF21BCFA4E2009B9D9C /* carMaintanenceUITests.swift */ = {isa = PBXFileReference; lastKnownFileType = sourcecode.swift; path = carMaintanenceUITests.swift; sourceTree = "<group>"; };
		D54B3DF41BCFA4E2009B9D9C /* Info.plist */ = {isa = PBXFileReference; lastKnownFileType = text.plist.xml; path = Info.plist; sourceTree = "<group>"; };
		D555BF491C5155D70085179F /* activitiesJSONDetails.swift */ = {isa = PBXFileReference; fileEncoding = 4; lastKnownFileType = sourcecode.swift; path = activitiesJSONDetails.swift; sourceTree = "<group>"; };
		D555BF4B1C524E510085179F /* Artikel.swift */ = {isa = PBXFileReference; fileEncoding = 4; lastKnownFileType = sourcecode.swift; path = Artikel.swift; sourceTree = "<group>"; };
		D573361A1BE22CF500F51CBD /* LoginScreenModel.swift */ = {isa = PBXFileReference; fileEncoding = 4; lastKnownFileType = sourcecode.swift; path = LoginScreenModel.swift; sourceTree = "<group>"; };
		D573361F1BE22FD700F51CBD /* Base */ = {isa = PBXFileReference; lastKnownFileType = file.storyboard; name = Base; path = Base.lproj/Main.storyboard; sourceTree = "<group>"; };
		D574E7141C47B9ED00C64BDC /* WerkorderDetail.swift */ = {isa = PBXFileReference; fileEncoding = 4; lastKnownFileType = sourcecode.swift; path = WerkorderDetail.swift; sourceTree = "<group>"; };
		D574E7161C4EA19A00C64BDC /* actController.swift */ = {isa = PBXFileReference; fileEncoding = 4; lastKnownFileType = sourcecode.swift; path = actController.swift; sourceTree = "<group>"; };
		D574E7171C4EA19A00C64BDC /* camera.swift */ = {isa = PBXFileReference; fileEncoding = 4; lastKnownFileType = sourcecode.swift; path = camera.swift; sourceTree = "<group>"; };
		D593346A1C4D7D7500E4977E /* WerkOrderActiviteit.swift */ = {isa = PBXFileReference; fileEncoding = 4; lastKnownFileType = sourcecode.swift; path = WerkOrderActiviteit.swift; sourceTree = "<group>"; };
		D593346C1C4D7DE500E4977E /* Activiteit.swift */ = {isa = PBXFileReference; fileEncoding = 4; lastKnownFileType = sourcecode.swift; path = Activiteit.swift; sourceTree = "<group>"; };
		D59696BC1BE2828600E80805 /* SelecteerPersoonViewController.swift */ = {isa = PBXFileReference; fileEncoding = 4; lastKnownFileType = sourcecode.swift; path = SelecteerPersoonViewController.swift; sourceTree = "<group>"; };
		D5ACB89C1BF129DC0087C3E2 /* WerkOrderViewController.swift */ = {isa = PBXFileReference; fileEncoding = 4; lastKnownFileType = sourcecode.swift; path = WerkOrderViewController.swift; sourceTree = "<group>"; };
		D5ACB89E1BF12A360087C3E2 /* WerkorderKnop.swift */ = {isa = PBXFileReference; fileEncoding = 4; lastKnownFileType = sourcecode.swift; path = WerkorderKnop.swift; sourceTree = "<group>"; };
		D5ACB8A01BF12D810087C3E2 /* newActivityController.swift */ = {isa = PBXFileReference; fileEncoding = 4; lastKnownFileType = sourcecode.swift; path = newActivityController.swift; sourceTree = "<group>"; };
		D5ACB8A41BF143160087C3E2 /* ActiviteitDummyViewController.swift */ = {isa = PBXFileReference; fileEncoding = 4; lastKnownFileType = sourcecode.swift; path = ActiviteitDummyViewController.swift; sourceTree = "<group>"; };
		D5D8BB001C3EA23A00951C11 /* Info.plist */ = {isa = PBXFileReference; fileEncoding = 4; lastKnownFileType = text.plist.xml; path = Info.plist; sourceTree = "<group>"; };
		D5D8BBBC1C3FC8E800951C11 /* WerkOrderController.swift */ = {isa = PBXFileReference; fileEncoding = 4; lastKnownFileType = sourcecode.swift; path = WerkOrderController.swift; sourceTree = "<group>"; };
		D5F1BDA31C3EA13D00BF4472 /* Connectie.swift */ = {isa = PBXFileReference; fileEncoding = 4; lastKnownFileType = sourcecode.swift; path = Connectie.swift; sourceTree = "<group>"; };
		D5F1BDA51C3EA16600BF4472 /* MainJson.swift */ = {isa = PBXFileReference; fileEncoding = 4; lastKnownFileType = sourcecode.swift; path = MainJson.swift; sourceTree = "<group>"; };
		D5F1BDA71C3EA1A100BF4472 /* Monteur.swift */ = {isa = PBXFileReference; fileEncoding = 4; lastKnownFileType = sourcecode.swift; path = Monteur.swift; sourceTree = "<group>"; };
		D5F1BDA91C3EA1BD00BF4472 /* SwiftyJSON.swift */ = {isa = PBXFileReference; fileEncoding = 4; lastKnownFileType = sourcecode.swift; path = SwiftyJSON.swift; sourceTree = "<group>"; };
/* End PBXFileReference section */

/* Begin PBXFrameworksBuildPhase section */
		D54B3DCC1BCFA4E1009B9D9C /* Frameworks */ = {
			isa = PBXFrameworksBuildPhase;
			buildActionMask = 2147483647;
			files = (
			);
			runOnlyForDeploymentPostprocessing = 0;
		};
		D54B3DE01BCFA4E1009B9D9C /* Frameworks */ = {
			isa = PBXFrameworksBuildPhase;
			buildActionMask = 2147483647;
			files = (
			);
			runOnlyForDeploymentPostprocessing = 0;
		};
		D54B3DEB1BCFA4E2009B9D9C /* Frameworks */ = {
			isa = PBXFrameworksBuildPhase;
			buildActionMask = 2147483647;
			files = (
			);
			runOnlyForDeploymentPostprocessing = 0;
		};
/* End PBXFrameworksBuildPhase section */

/* Begin PBXGroup section */
		D54B3DC61BCFA4E1009B9D9C = {
			isa = PBXGroup;
			children = (
				D54B3DD11BCFA4E1009B9D9C /* carMaintanence */,
				D54B3DE61BCFA4E1009B9D9C /* carMaintanenceTests */,
				D54B3DF11BCFA4E2009B9D9C /* carMaintanenceUITests */,
				D54B3DD01BCFA4E1009B9D9C /* Products */,
			);
			sourceTree = "<group>";
		};
		D54B3DD01BCFA4E1009B9D9C /* Products */ = {
			isa = PBXGroup;
			children = (
				D54B3DCF1BCFA4E1009B9D9C /* carMaintanence.app */,
				D54B3DE31BCFA4E1009B9D9C /* carMaintanenceTests.xctest */,
				D54B3DEE1BCFA4E2009B9D9C /* carMaintanenceUITests.xctest */,
			);
			name = Products;
			sourceTree = "<group>";
		};
		D54B3DD11BCFA4E1009B9D9C /* carMaintanence */ = {
			isa = PBXGroup;
			children = (
				D54B3DD21BCFA4E1009B9D9C /* AppDelegate.swift */,
				D59696BC1BE2828600E80805 /* SelecteerPersoonViewController.swift */,
				D574E7161C4EA19A00C64BDC /* actController.swift */,
				D574E7171C4EA19A00C64BDC /* camera.swift */,
				D54B3DD41BCFA4E1009B9D9C /* LoginSchermViewController.swift */,
				D573361A1BE22CF500F51CBD /* LoginScreenModel.swift */,
				D5D8BBBC1C3FC8E800951C11 /* WerkOrderController.swift */,
				D53123651BF11B160045D8D4 /* nonWorkorderScreenController.swift */,
				D5F1BDA31C3EA13D00BF4472 /* Connectie.swift */,
				D5ACB89C1BF129DC0087C3E2 /* WerkOrderViewController.swift */,
				D5ACB89E1BF12A360087C3E2 /* WerkorderKnop.swift */,
				D5ACB8A01BF12D810087C3E2 /* newActivityController.swift */,
				D5ACB8A41BF143160087C3E2 /* ActiviteitDummyViewController.swift */,
				D5F1BDA51C3EA16600BF4472 /* MainJson.swift */,
				D5F1BDA71C3EA1A100BF4472 /* Monteur.swift */,
				D5D8BB001C3EA23A00951C11 /* Info.plist */,
				D573361E1BE22FD700F51CBD /* Main.storyboard */,
				D54B3DD91BCFA4E1009B9D9C /* Assets.xcassets */,
				D5F1BDA91C3EA1BD00BF4472 /* SwiftyJSON.swift */,
				D54B3DDB1BCFA4E1009B9D9C /* LaunchScreen.storyboard */,
				D593346C1C4D7DE500E4977E /* Activiteit.swift */,
				D555BF4B1C524E510085179F /* Artikel.swift */,
				D53123631BF11A490045D8D4 /* WorkorderViewController.swift */,
				D593346A1C4D7D7500E4977E /* WerkOrderActiviteit.swift */,
				D574E7141C47B9ED00C64BDC /* WerkorderDetail.swift */,
				D555BF491C5155D70085179F /* activitiesJSONDetails.swift */,
			);
			path = carMaintanence;
			sourceTree = "<group>";
		};
		D54B3DE61BCFA4E1009B9D9C /* carMaintanenceTests */ = {
			isa = PBXGroup;
			children = (
				D54B3DE71BCFA4E1009B9D9C /* carMaintanenceTests.swift */,
				D54B3DE91BCFA4E1009B9D9C /* Info.plist */,
			);
			path = carMaintanenceTests;
			sourceTree = "<group>";
		};
		D54B3DF11BCFA4E2009B9D9C /* carMaintanenceUITests */ = {
			isa = PBXGroup;
			children = (
				D54B3DF21BCFA4E2009B9D9C /* carMaintanenceUITests.swift */,
				D54B3DF41BCFA4E2009B9D9C /* Info.plist */,
			);
			path = carMaintanenceUITests;
			sourceTree = "<group>";
		};
/* End PBXGroup section */

/* Begin PBXNativeTarget section */
		D54B3DCE1BCFA4E1009B9D9C /* carMaintanence */ = {
			isa = PBXNativeTarget;
			buildConfigurationList = D54B3DF71BCFA4E2009B9D9C /* Build configuration list for PBXNativeTarget "carMaintanence" */;
			buildPhases = (
				D54B3DCB1BCFA4E1009B9D9C /* Sources */,
				D54B3DCC1BCFA4E1009B9D9C /* Frameworks */,
				D54B3DCD1BCFA4E1009B9D9C /* Resources */,
			);
			buildRules = (
			);
			dependencies = (
			);
			name = carMaintanence;
			productName = carMaintanence;
			productReference = D54B3DCF1BCFA4E1009B9D9C /* carMaintanence.app */;
			productType = "com.apple.product-type.application";
		};
		D54B3DE21BCFA4E1009B9D9C /* carMaintanenceTests */ = {
			isa = PBXNativeTarget;
			buildConfigurationList = D54B3DFA1BCFA4E2009B9D9C /* Build configuration list for PBXNativeTarget "carMaintanenceTests" */;
			buildPhases = (
				D54B3DDF1BCFA4E1009B9D9C /* Sources */,
				D54B3DE01BCFA4E1009B9D9C /* Frameworks */,
				D54B3DE11BCFA4E1009B9D9C /* Resources */,
			);
			buildRules = (
			);
			dependencies = (
				D54B3DE51BCFA4E1009B9D9C /* PBXTargetDependency */,
			);
			name = carMaintanenceTests;
			productName = carMaintanenceTests;
			productReference = D54B3DE31BCFA4E1009B9D9C /* carMaintanenceTests.xctest */;
			productType = "com.apple.product-type.bundle.unit-test";
		};
		D54B3DED1BCFA4E2009B9D9C /* carMaintanenceUITests */ = {
			isa = PBXNativeTarget;
			buildConfigurationList = D54B3DFD1BCFA4E2009B9D9C /* Build configuration list for PBXNativeTarget "carMaintanenceUITests" */;
			buildPhases = (
				D54B3DEA1BCFA4E2009B9D9C /* Sources */,
				D54B3DEB1BCFA4E2009B9D9C /* Frameworks */,
				D54B3DEC1BCFA4E2009B9D9C /* Resources */,
			);
			buildRules = (
			);
			dependencies = (
				D54B3DF01BCFA4E2009B9D9C /* PBXTargetDependency */,
			);
			name = carMaintanenceUITests;
			productName = carMaintanenceUITests;
			productReference = D54B3DEE1BCFA4E2009B9D9C /* carMaintanenceUITests.xctest */;
			productType = "com.apple.product-type.bundle.ui-testing";
		};
/* End PBXNativeTarget section */

/* Begin PBXProject section */
		D54B3DC71BCFA4E1009B9D9C /* Project object */ = {
			isa = PBXProject;
			attributes = {
				LastUpgradeCheck = 0700;
				ORGANIZATIONNAME = vmware;
				TargetAttributes = {
					D54B3DCE1BCFA4E1009B9D9C = {
						CreatedOnToolsVersion = 7.0.1;
						DevelopmentTeam = 83XB9QP6P8;
					};
					D54B3DE21BCFA4E1009B9D9C = {
						CreatedOnToolsVersion = 7.0.1;
						TestTargetID = D54B3DCE1BCFA4E1009B9D9C;
					};
					D54B3DED1BCFA4E2009B9D9C = {
						CreatedOnToolsVersion = 7.0.1;
						TestTargetID = D54B3DCE1BCFA4E1009B9D9C;
					};
				};
			};
			buildConfigurationList = D54B3DCA1BCFA4E1009B9D9C /* Build configuration list for PBXProject "carMaintenance" */;
			compatibilityVersion = "Xcode 3.2";
			developmentRegion = English;
			hasScannedForEncodings = 0;
			knownRegions = (
				en,
				Base,
			);
			mainGroup = D54B3DC61BCFA4E1009B9D9C;
			productRefGroup = D54B3DD01BCFA4E1009B9D9C /* Products */;
			projectDirPath = "";
			projectRoot = "";
			targets = (
				D54B3DCE1BCFA4E1009B9D9C /* carMaintanence */,
				D54B3DE21BCFA4E1009B9D9C /* carMaintanenceTests */,
				D54B3DED1BCFA4E2009B9D9C /* carMaintanenceUITests */,
			);
		};
/* End PBXProject section */

/* Begin PBXResourcesBuildPhase section */
		D54B3DCD1BCFA4E1009B9D9C /* Resources */ = {
			isa = PBXResourcesBuildPhase;
			buildActionMask = 2147483647;
			files = (
				D54B3DDD1BCFA4E1009B9D9C /* LaunchScreen.storyboard in Resources */,
				D54B3DDA1BCFA4E1009B9D9C /* Assets.xcassets in Resources */,
				D57336201BE22FD700F51CBD /* Main.storyboard in Resources */,
				D5D8BB011C3EA23A00951C11 /* Info.plist in Resources */,
			);
			runOnlyForDeploymentPostprocessing = 0;
		};
		D54B3DE11BCFA4E1009B9D9C /* Resources */ = {
			isa = PBXResourcesBuildPhase;
			buildActionMask = 2147483647;
			files = (
			);
			runOnlyForDeploymentPostprocessing = 0;
		};
		D54B3DEC1BCFA4E2009B9D9C /* Resources */ = {
			isa = PBXResourcesBuildPhase;
			buildActionMask = 2147483647;
			files = (
			);
			runOnlyForDeploymentPostprocessing = 0;
		};
/* End PBXResourcesBuildPhase section */

/* Begin PBXSourcesBuildPhase section */
		D54B3DCB1BCFA4E1009B9D9C /* Sources */ = {
			isa = PBXSourcesBuildPhase;
			buildActionMask = 2147483647;
			files = (
				D5F1BDA61C3EA16600BF4472 /* MainJson.swift in Sources */,
				D5ACB8A11BF12D810087C3E2 /* newActivityController.swift in Sources */,
				D574E7151C47B9ED00C64BDC /* WerkorderDetail.swift in Sources */,
				D555BF4A1C5155D70085179F /* activitiesJSONDetails.swift in Sources */,
				D5F1BDAA1C3EA1BD00BF4472 /* SwiftyJSON.swift in Sources */,
				D59696BD1BE2828600E80805 /* SelecteerPersoonViewController.swift in Sources */,
				D53123661BF11B160045D8D4 /* nonWorkorderScreenController.swift in Sources */,
				D574E7191C4EA19A00C64BDC /* camera.swift in Sources */,
				D593346B1C4D7D7500E4977E /* WerkOrderActiviteit.swift in Sources */,
				D54B3DD51BCFA4E1009B9D9C /* LoginSchermViewController.swift in Sources */,
				D555BF4C1C524E510085179F /* Artikel.swift in Sources */,
				D5F1BDA41C3EA13D00BF4472 /* Connectie.swift in Sources */,
				D5F1BDA81C3EA1A100BF4472 /* Monteur.swift in Sources */,
				D5ACB89F1BF12A360087C3E2 /* WerkorderKnop.swift in Sources */,
				D54B3DD31BCFA4E1009B9D9C /* AppDelegate.swift in Sources */,
				D5ACB89D1BF129DC0087C3E2 /* WerkOrderViewController.swift in Sources */,
				D53123641BF11A490045D8D4 /* WorkorderViewController.swift in Sources */,
				D5D8BBBD1C3FC8E800951C11 /* WerkOrderController.swift in Sources */,
				D5ACB8A51BF143160087C3E2 /* ActiviteitDummyViewController.swift in Sources */,
				D573361B1BE22CF500F51CBD /* LoginScreenModel.swift in Sources */,
				D574E7181C4EA19A00C64BDC /* actController.swift in Sources */,
				D593346D1C4D7DE500E4977E /* Activiteit.swift in Sources */,
			);
			runOnlyForDeploymentPostprocessing = 0;
		};
		D54B3DDF1BCFA4E1009B9D9C /* Sources */ = {
			isa = PBXSourcesBuildPhase;
			buildActionMask = 2147483647;
			files = (
				D54B3DE81BCFA4E1009B9D9C /* carMaintanenceTests.swift in Sources */,
			);
			runOnlyForDeploymentPostprocessing = 0;
		};
		D54B3DEA1BCFA4E2009B9D9C /* Sources */ = {
			isa = PBXSourcesBuildPhase;
			buildActionMask = 2147483647;
			files = (
				D54B3DF31BCFA4E2009B9D9C /* carMaintanenceUITests.swift in Sources */,
			);
			runOnlyForDeploymentPostprocessing = 0;
		};
/* End PBXSourcesBuildPhase section */

/* Begin PBXTargetDependency section */
		D54B3DE51BCFA4E1009B9D9C /* PBXTargetDependency */ = {
			isa = PBXTargetDependency;
			target = D54B3DCE1BCFA4E1009B9D9C /* carMaintanence */;
			targetProxy = D54B3DE41BCFA4E1009B9D9C /* PBXContainerItemProxy */;
		};
		D54B3DF01BCFA4E2009B9D9C /* PBXTargetDependency */ = {
			isa = PBXTargetDependency;
			target = D54B3DCE1BCFA4E1009B9D9C /* carMaintanence */;
			targetProxy = D54B3DEF1BCFA4E2009B9D9C /* PBXContainerItemProxy */;
		};
/* End PBXTargetDependency section */

/* Begin PBXVariantGroup section */
		D54B3DDB1BCFA4E1009B9D9C /* LaunchScreen.storyboard */ = {
			isa = PBXVariantGroup;
			children = (
				D54B3DDC1BCFA4E1009B9D9C /* Base */,
			);
			name = LaunchScreen.storyboard;
			sourceTree = "<group>";
		};
		D573361E1BE22FD700F51CBD /* Main.storyboard */ = {
			isa = PBXVariantGroup;
			children = (
				D573361F1BE22FD700F51CBD /* Base */,
			);
			name = Main.storyboard;
			sourceTree = "<group>";
		};
/* End PBXVariantGroup section */

/* Begin XCBuildConfiguration section */
		D54B3DF51BCFA4E2009B9D9C /* Debug */ = {
			isa = XCBuildConfiguration;
			buildSettings = {
				ALWAYS_SEARCH_USER_PATHS = NO;
				CLANG_CXX_LANGUAGE_STANDARD = "gnu++0x";
				CLANG_CXX_LIBRARY = "libc++";
				CLANG_ENABLE_MODULES = YES;
				CLANG_ENABLE_OBJC_ARC = YES;
				CLANG_WARN_BOOL_CONVERSION = YES;
				CLANG_WARN_CONSTANT_CONVERSION = YES;
				CLANG_WARN_DIRECT_OBJC_ISA_USAGE = YES_ERROR;
				CLANG_WARN_EMPTY_BODY = YES;
				CLANG_WARN_ENUM_CONVERSION = YES;
				CLANG_WARN_INT_CONVERSION = YES;
				CLANG_WARN_OBJC_ROOT_CLASS = YES_ERROR;
				CLANG_WARN_UNREACHABLE_CODE = YES;
				CLANG_WARN__DUPLICATE_METHOD_MATCH = YES;
				"CODE_SIGN_IDENTITY[sdk=iphoneos*]" = "iPhone Developer";
				COPY_PHASE_STRIP = NO;
				DEBUG_INFORMATION_FORMAT = dwarf;
				ENABLE_STRICT_OBJC_MSGSEND = YES;
				ENABLE_TESTABILITY = YES;
				GCC_C_LANGUAGE_STANDARD = gnu99;
				GCC_DYNAMIC_NO_PIC = NO;
				GCC_NO_COMMON_BLOCKS = YES;
				GCC_OPTIMIZATION_LEVEL = 0;
				GCC_PREPROCESSOR_DEFINITIONS = (
					"DEBUG=1",
					"$(inherited)",
				);
				GCC_WARN_64_TO_32_BIT_CONVERSION = YES;
				GCC_WARN_ABOUT_RETURN_TYPE = YES_ERROR;
				GCC_WARN_UNDECLARED_SELECTOR = YES;
				GCC_WARN_UNINITIALIZED_AUTOS = YES_AGGRESSIVE;
				GCC_WARN_UNUSED_FUNCTION = YES;
				GCC_WARN_UNUSED_VARIABLE = YES;
				IPHONEOS_DEPLOYMENT_TARGET = 9.0;
				MTL_ENABLE_DEBUG_INFO = YES;
				ONLY_ACTIVE_ARCH = YES;
				SDKROOT = iphoneos;
				SWIFT_OPTIMIZATION_LEVEL = "-Onone";
				TARGETED_DEVICE_FAMILY = 2;
			};
			name = Debug;
		};
		D54B3DF61BCFA4E2009B9D9C /* Release */ = {
			isa = XCBuildConfiguration;
			buildSettings = {
				ALWAYS_SEARCH_USER_PATHS = NO;
				CLANG_CXX_LANGUAGE_STANDARD = "gnu++0x";
				CLANG_CXX_LIBRARY = "libc++";
				CLANG_ENABLE_MODULES = YES;
				CLANG_ENABLE_OBJC_ARC = YES;
				CLANG_WARN_BOOL_CONVERSION = YES;
				CLANG_WARN_CONSTANT_CONVERSION = YES;
				CLANG_WARN_DIRECT_OBJC_ISA_USAGE = YES_ERROR;
				CLANG_WARN_EMPTY_BODY = YES;
				CLANG_WARN_ENUM_CONVERSION = YES;
				CLANG_WARN_INT_CONVERSION = YES;
				CLANG_WARN_OBJC_ROOT_CLASS = YES_ERROR;
				CLANG_WARN_UNREACHABLE_CODE = YES;
				CLANG_WARN__DUPLICATE_METHOD_MATCH = YES;
				"CODE_SIGN_IDENTITY[sdk=iphoneos*]" = "iPhone Developer";
				COPY_PHASE_STRIP = NO;
				DEBUG_INFORMATION_FORMAT = "dwarf-with-dsym";
				ENABLE_NS_ASSERTIONS = NO;
				ENABLE_STRICT_OBJC_MSGSEND = YES;
				GCC_C_LANGUAGE_STANDARD = gnu99;
				GCC_NO_COMMON_BLOCKS = YES;
				GCC_WARN_64_TO_32_BIT_CONVERSION = YES;
				GCC_WARN_ABOUT_RETURN_TYPE = YES_ERROR;
				GCC_WARN_UNDECLARED_SELECTOR = YES;
				GCC_WARN_UNINITIALIZED_AUTOS = YES_AGGRESSIVE;
				GCC_WARN_UNUSED_FUNCTION = YES;
				GCC_WARN_UNUSED_VARIABLE = YES;
				IPHONEOS_DEPLOYMENT_TARGET = 9.0;
				MTL_ENABLE_DEBUG_INFO = NO;
				SDKROOT = iphoneos;
				TARGETED_DEVICE_FAMILY = 2;
				VALIDATE_PRODUCT = YES;
			};
			name = Release;
		};
		D54B3DF81BCFA4E2009B9D9C /* Debug */ = {
			isa = XCBuildConfiguration;
			buildSettings = {
				ASSETCATALOG_COMPILER_APPICON_NAME = AppIcon;
				CODE_SIGN_IDENTITY = "iPhone Developer";
				"CODE_SIGN_IDENTITY[sdk=iphoneos*]" = "iPhone Developer";
				INFOPLIST_FILE = carMaintanence/Info.plist;
				LD_RUNPATH_SEARCH_PATHS = "$(inherited) @executable_path/Frameworks";
				PRODUCT_BUNDLE_IDENTIFIER = slo;
				PRODUCT_NAME = "$(TARGET_NAME)";
				PROVISIONING_PROFILE = "";
				TARGETED_DEVICE_FAMILY = 2;
			};
			name = Debug;
		};
		D54B3DF91BCFA4E2009B9D9C /* Release */ = {
			isa = XCBuildConfiguration;
			buildSettings = {
				ASSETCATALOG_COMPILER_APPICON_NAME = AppIcon;
				CODE_SIGN_IDENTITY = "iPhone Developer";
				"CODE_SIGN_IDENTITY[sdk=iphoneos*]" = "iPhone Developer";
				INFOPLIST_FILE = carMaintanence/Info.plist;
				LD_RUNPATH_SEARCH_PATHS = "$(inherited) @executable_path/Frameworks";
				PRODUCT_BUNDLE_IDENTIFIER = slo;
				PRODUCT_NAME = "$(TARGET_NAME)";
				PROVISIONING_PROFILE = "";
				TARGETED_DEVICE_FAMILY = 2;
			};
			name = Release;
		};
		D54B3DFB1BCFA4E2009B9D9C /* Debug */ = {
			isa = XCBuildConfiguration;
			buildSettings = {
				BUNDLE_LOADER = "$(TEST_HOST)";
				INFOPLIST_FILE = carMaintanenceTests/Info.plist;
				LD_RUNPATH_SEARCH_PATHS = "$(inherited) @executable_path/Frameworks @loader_path/Frameworks";
				PRODUCT_BUNDLE_IDENTIFIER = fdsg.carMaintanenceTests;
				PRODUCT_NAME = "$(TARGET_NAME)";
				TEST_HOST = "$(BUILT_PRODUCTS_DIR)/carMaintanence.app/carMaintanence";
			};
			name = Debug;
		};
		D54B3DFC1BCFA4E2009B9D9C /* Release */ = {
			isa = XCBuildConfiguration;
			buildSettings = {
				BUNDLE_LOADER = "$(TEST_HOST)";
				INFOPLIST_FILE = carMaintanenceTests/Info.plist;
				LD_RUNPATH_SEARCH_PATHS = "$(inherited) @executable_path/Frameworks @loader_path/Frameworks";
				PRODUCT_BUNDLE_IDENTIFIER = fdsg.carMaintanenceTests;
				PRODUCT_NAME = "$(TARGET_NAME)";
				TEST_HOST = "$(BUILT_PRODUCTS_DIR)/carMaintanence.app/carMaintanence";
			};
			name = Release;
		};
		D54B3DFE1BCFA4E2009B9D9C /* Debug */ = {
			isa = XCBuildConfiguration;
			buildSettings = {
				INFOPLIST_FILE = carMaintanenceUITests/Info.plist;
				LD_RUNPATH_SEARCH_PATHS = "$(inherited) @executable_path/Frameworks @loader_path/Frameworks";
				PRODUCT_BUNDLE_IDENTIFIER = fdsg.carMaintanenceUITests;
				PRODUCT_NAME = "$(TARGET_NAME)";
				TEST_TARGET_NAME = carMaintanence;
				USES_XCTRUNNER = YES;
			};
			name = Debug;
		};
		D54B3DFF1BCFA4E2009B9D9C /* Release */ = {
			isa = XCBuildConfiguration;
			buildSettings = {
				INFOPLIST_FILE = carMaintanenceUITests/Info.plist;
				LD_RUNPATH_SEARCH_PATHS = "$(inherited) @executable_path/Frameworks @loader_path/Frameworks";
				PRODUCT_BUNDLE_IDENTIFIER = fdsg.carMaintanenceUITests;
				PRODUCT_NAME = "$(TARGET_NAME)";
				TEST_TARGET_NAME = carMaintanence;
				USES_XCTRUNNER = YES;
			};
			name = Release;
		};
/* End XCBuildConfiguration section */

/* Begin XCConfigurationList section */
		D54B3DCA1BCFA4E1009B9D9C /* Build configuration list for PBXProject "carMaintenance" */ = {
			isa = XCConfigurationList;
			buildConfigurations = (
				D54B3DF51BCFA4E2009B9D9C /* Debug */,
				D54B3DF61BCFA4E2009B9D9C /* Release */,
			);
			defaultConfigurationIsVisible = 0;
			defaultConfigurationName = Release;
		};
		D54B3DF71BCFA4E2009B9D9C /* Build configuration list for PBXNativeTarget "carMaintanence" */ = {
			isa = XCConfigurationList;
			buildConfigurations = (
				D54B3DF81BCFA4E2009B9D9C /* Debug */,
				D54B3DF91BCFA4E2009B9D9C /* Release */,
			);
			defaultConfigurationIsVisible = 0;
			defaultConfigurationName = Release;
		};
		D54B3DFA1BCFA4E2009B9D9C /* Build configuration list for PBXNativeTarget "carMaintanenceTests" */ = {
			isa = XCConfigurationList;
			buildConfigurations = (
				D54B3DFB1BCFA4E2009B9D9C /* Debug */,
				D54B3DFC1BCFA4E2009B9D9C /* Release */,
			);
			defaultConfigurationIsVisible = 0;
			defaultConfigurationName = Release;
		};
		D54B3DFD1BCFA4E2009B9D9C /* Build configuration list for PBXNativeTarget "carMaintanenceUITests" */ = {
			isa = XCConfigurationList;
			buildConfigurations = (
				D54B3DFE1BCFA4E2009B9D9C /* Debug */,
				D54B3DFF1BCFA4E2009B9D9C /* Release */,
			);
			defaultConfigurationIsVisible = 0;
			defaultConfigurationName = Release;
		};
/* End XCConfigurationList section */
	};
	rootObject = D54B3DC71BCFA4E1009B9D9C /* Project object */;
}
